
Microsoft Visual Studio Solution File, Format Version 12.00
# Visual Studio Version 17
VisualStudioVersion = 17.3.32825.248
MinimumVisualStudioVersion = 10.0.40219.1
Project("{FAE04EC0-301F-11D3-BF4B-00C04F79EFBC}") = "store", "store\store.csproj", "{D44960D9-4269-4547-899D-8B167809BBDD}"
EndProject
Project("{FAE04EC0-301F-11D3-BF4B-00C04F79EFBC}") = "dbLibrary", "dbLibrary\dbLibrary.csproj", "{4D365796-0CD9-4930-9CE0-59C7339C18D2}"
EndProject
Global
	GlobalSection(SolutionConfigurationPlatforms) = preSolution
		Debug|Any CPU = Debug|Any CPU
		Release|Any CPU = Release|Any CPU
	EndGlobalSection
	GlobalSection(ProjectConfigurationPlatforms) = postSolution
		{D44960D9-4269-4547-899D-8B167809BBDD}.Debug|Any CPU.ActiveCfg = Debug|Any CPU
		{D44960D9-4269-4547-899D-8B167809BBDD}.Debug|Any CPU.Build.0 = Debug|Any CPU
		{D44960D9-4269-4547-899D-8B167809BBDD}.Release|Any CPU.ActiveCfg = Release|Any CPU
		{D44960D9-4269-4547-899D-8B167809BBDD}.Release|Any CPU.Build.0 = Release|Any CPU
		{4D365796-0CD9-4930-9CE0-59C7339C18D2}.Debug|Any CPU.ActiveCfg = Debug|Any CPU
		{4D365796-0CD9-4930-9CE0-59C7339C18D2}.Debug|Any CPU.Build.0 = Debug|Any CPU
		{4D365796-0CD9-4930-9CE0-59C7339C18D2}.Release|Any CPU.ActiveCfg = Release|Any CPU
		{4D365796-0CD9-4930-9CE0-59C7339C18D2}.Release|Any CPU.Build.0 = Release|Any CPU
	EndGlobalSection
	GlobalSection(SolutionProperties) = preSolution
		HideSolutionNode = FALSE
	EndGlobalSection
	GlobalSection(ExtensibilityGlobals) = postSolution
		SolutionGuid = {9E093B01-D9BF-414C-8625-633F08BCB909}
	EndGlobalSection
EndGlobal
